
Microsoft Visual Studio Solution File, Format Version 12.00
# Visual Studio Version 17
VisualStudioVersion = 17.9.34902.65
MinimumVisualStudioVersion = 10.0.40219.1
Project("{2150E333-8FDC-42A3-9474-1A3956D46DE8}") = "src", "src", "{E107E9C1-E893-4E87-987E-04EF0DCEAEFD}"
EndProject
Project("{9A19103F-16F7-4668-BE54-9A1E7A4F7556}") = "System.ValueTuple", "src\System.ValueTuple.csproj", "{D281A351-00F4-43EF-97E1-EB43BE696207}"
EndProject
Project("{2150E333-8FDC-42A3-9474-1A3956D46DE8}") = "Solution Items", "Solution Items", "{0EA6D372-862A-4B5E-BDB1-E9379E400EEC}"
EndProject
Project("{2150E333-8FDC-42A3-9474-1A3956D46DE8}") = "解决方案项", "解决方案项", "{6B26317B-A824-453D-8FCF-A42AE8CDEE41}"
	ProjectSection(SolutionItems) = preProject
		.gitignore = .gitignore
		README.md = README.md
	EndProjectSection
EndProject
Global
	GlobalSection(SolutionConfigurationPlatforms) = preSolution
		Debug|Any CPU = Debug|Any CPU
		Release|Any CPU = Release|Any CPU
	EndGlobalSection
	GlobalSection(ProjectConfigurationPlatforms) = postSolution
		{D281A351-00F4-43EF-97E1-EB43BE696207}.Debug|Any CPU.ActiveCfg = Debug|Any CPU
		{D281A351-00F4-43EF-97E1-EB43BE696207}.Debug|Any CPU.Build.0 = Debug|Any CPU
		{D281A351-00F4-43EF-97E1-EB43BE696207}.Release|Any CPU.ActiveCfg = Release|Any CPU
		{D281A351-00F4-43EF-97E1-EB43BE696207}.Release|Any CPU.Build.0 = Release|Any CPU
	EndGlobalSection
	GlobalSection(SolutionProperties) = preSolution
		HideSolutionNode = FALSE
	EndGlobalSection
	GlobalSection(NestedProjects) = preSolution
		{D281A351-00F4-43EF-97E1-EB43BE696207} = {E107E9C1-E893-4E87-987E-04EF0DCEAEFD}
	EndGlobalSection
	GlobalSection(ExtensibilityGlobals) = postSolution
		SolutionGuid = {CE786765-5D3D-479F-BC9F-9E3CB96E6CB1}
	EndGlobalSection
EndGlobal
